// !$*UTF8*$!
{
	archiveVersion = 1;
	classes = {
	};
	objectVersion = 55;
	objects = {

/* Begin PBXBuildFile section */
		A3C56118273AC79100E9E347 /* Dave_WeatherApp.swift in Sources */ = {isa = PBXBuildFile; fileRef = A3C56117273AC79100E9E347 /* Dave_WeatherApp.swift */; };
		A3C5611A273AC79100E9E347 /* ContentView.swift in Sources */ = {isa = PBXBuildFile; fileRef = A3C56119273AC79100E9E347 /* ContentView.swift */; };
		A3C5611C273AC79500E9E347 /* Assets.xcassets in Resources */ = {isa = PBXBuildFile; fileRef = A3C5611B273AC79500E9E347 /* Assets.xcassets */; };
		A3C5611F273AC79500E9E347 /* Preview Assets.xcassets in Resources */ = {isa = PBXBuildFile; fileRef = A3C5611E273AC79500E9E347 /* Preview Assets.xcassets */; };
		A3C5612E273ACB5B00E9E347 /* LocationHelper.swift in Sources */ = {isa = PBXBuildFile; fileRef = A3C5612D273ACB5B00E9E347 /* LocationHelper.swift */; };
		A3C56130273ADF3B00E9E347 /* Weather.swift in Sources */ = {isa = PBXBuildFile; fileRef = A3C5612F273ADF3B00E9E347 /* Weather.swift */; };
		A3C56132273AF15C00E9E347 /* WeatherFetcher.swift in Sources */ = {isa = PBXBuildFile; fileRef = A3C56131273AF15C00E9E347 /* WeatherFetcher.swift */; };
/* End PBXBuildFile section */

/* Begin PBXFileReference section */
		A360CB252740013C005C7851 /* Dave-Weather-Info.plist */ = {isa = PBXFileReference; lastKnownFileType = text.plist; path = "Dave-Weather-Info.plist"; sourceTree = SOURCE_ROOT; };
		A3C56114273AC79100E9E347 /* Dave_Weather.app */ = {isa = PBXFileReference; explicitFileType = wrapper.application; includeInIndex = 0; path = Dave_Weather.app; sourceTree = BUILT_PRODUCTS_DIR; };
		A3C56117273AC79100E9E347 /* Dave_WeatherApp.swift */ = {isa = PBXFileReference; lastKnownFileType = sourcecode.swift; path = Dave_WeatherApp.swift; sourceTree = "<group>"; };
		A3C56119273AC79100E9E347 /* ContentView.swift */ = {isa = PBXFileReference; lastKnownFileType = sourcecode.swift; path = ContentView.swift; sourceTree = "<group>"; };
		A3C5611B273AC79500E9E347 /* Assets.xcassets */ = {isa = PBXFileReference; lastKnownFileType = folder.assetcatalog; path = Assets.xcassets; sourceTree = "<group>"; };
		A3C5611E273AC79500E9E347 /* Preview Assets.xcassets */ = {isa = PBXFileReference; lastKnownFileType = folder.assetcatalog; path = "Preview Assets.xcassets"; sourceTree = "<group>"; };
		A3C5612D273ACB5B00E9E347 /* LocationHelper.swift */ = {isa = PBXFileReference; lastKnownFileType = sourcecode.swift; path = LocationHelper.swift; sourceTree = "<group>"; };
		A3C5612F273ADF3B00E9E347 /* Weather.swift */ = {isa = PBXFileReference; lastKnownFileType = sourcecode.swift; path = Weather.swift; sourceTree = "<group>"; };
		A3C56131273AF15C00E9E347 /* WeatherFetcher.swift */ = {isa = PBXFileReference; lastKnownFileType = sourcecode.swift; path = WeatherFetcher.swift; sourceTree = "<group>"; };
/* End PBXFileReference section */

/* Begin PBXFrameworksBuildPhase section */
		A3C56111273AC79100E9E347 /* Frameworks */ = {
			isa = PBXFrameworksBuildPhase;
			buildActionMask = 2147483647;
			files = (
			);
			runOnlyForDeploymentPostprocessing = 0;
		};
/* End PBXFrameworksBuildPhase section */

/* Begin PBXGroup section */
		A3C5610B273AC79100E9E347 = {
			isa = PBXGroup;
			children = (
				A3C56116273AC79100E9E347 /* Dave_Weather */,
				A3C56115273AC79100E9E347 /* Products */,
			);
			sourceTree = "<group>";
		};
		A3C56115273AC79100E9E347 /* Products */ = {
			isa = PBXGroup;
			children = (
				A3C56114273AC79100E9E347 /* Dave_Weather.app */,
			);
			name = Products;
			sourceTree = "<group>";
		};
		A3C56116273AC79100E9E347 /* Dave_Weather */ = {
			isa = PBXGroup;
			children = (
				A360CB252740013C005C7851 /* Dave-Weather-Info.plist */,
				A3C5612C273ACB4700E9E347 /* Helper */,
				A3C5612B273ACB1A00E9E347 /* View */,
				A3C56129273ACB0000E9E347 /* Model */,
				A3C56117273AC79100E9E347 /* Dave_WeatherApp.swift */,
				A3C5611B273AC79500E9E347 /* Assets.xcassets */,
				A3C5611D273AC79500E9E347 /* Preview Content */,
			);
			path = Dave_Weather;
			sourceTree = "<group>";
		};
		A3C5611D273AC79500E9E347 /* Preview Content */ = {
			isa = PBXGroup;
			children = (
				A3C5611E273AC79500E9E347 /* Preview Assets.xcassets */,
			);
			path = "Preview Content";
			sourceTree = "<group>";
		};
		A3C56129273ACB0000E9E347 /* Model */ = {
			isa = PBXGroup;
			children = (
				A3C5612F273ADF3B00E9E347 /* Weather.swift */,
				A3C56131273AF15C00E9E347 /* WeatherFetcher.swift */,
			);
			path = Model;
			sourceTree = "<group>";
		};
		A3C5612B273ACB1A00E9E347 /* View */ = {
			isa = PBXGroup;
			children = (
				A3C56119273AC79100E9E347 /* ContentView.swift */,
			);
			path = View;
			sourceTree = "<group>";
		};
		A3C5612C273ACB4700E9E347 /* Helper */ = {
			isa = PBXGroup;
			children = (
				A3C5612D273ACB5B00E9E347 /* LocationHelper.swift */,
			);
			path = Helper;
			sourceTree = "<group>";
		};
/* End PBXGroup section */

/* Begin PBXNativeTarget section */
		A3C56113273AC79100E9E347 /* Dave_Weather */ = {
			isa = PBXNativeTarget;
			buildConfigurationList = A3C56122273AC79500E9E347 /* Build configuration list for PBXNativeTarget "Dave_Weather" */;
			buildPhases = (
				A3C56110273AC79100E9E347 /* Sources */,
				A3C56111273AC79100E9E347 /* Frameworks */,
				A3C56112273AC79100E9E347 /* Resources */,
			);
			buildRules = (
			);
			dependencies = (
			);
			name = Dave_Weather;
			productName = Dave_Weather;
			productReference = A3C56114273AC79100E9E347 /* Dave_Weather.app */;
			productType = "com.apple.product-type.application";
		};
/* End PBXNativeTarget section */

/* Begin PBXProject section */
		A3C5610C273AC79100E9E347 /* Project object */ = {
			isa = PBXProject;
			attributes = {
				BuildIndependentTargetsInParallel = 1;
				LastSwiftUpdateCheck = 1310;
				LastUpgradeCheck = 1310;
				TargetAttributes = {
					A3C56113273AC79100E9E347 = {
						CreatedOnToolsVersion = 13.1;
					};
				};
			};
			buildConfigurationList = A3C5610F273AC79100E9E347 /* Build configuration list for PBXProject "Dave_Weather" */;
			compatibilityVersion = "Xcode 13.0";
			developmentRegion = en;
			hasScannedForEncodings = 0;
			knownRegions = (
				en,
				Base,
			);
			mainGroup = A3C5610B273AC79100E9E347;
			productRefGroup = A3C56115273AC79100E9E347 /* Products */;
			projectDirPath = "";
			projectRoot = "";
			targets = (
				A3C56113273AC79100E9E347 /* Dave_Weather */,
			);
		};
/* End PBXProject section */

/* Begin PBXResourcesBuildPhase section */
		A3C56112273AC79100E9E347 /* Resources */ = {
			isa = PBXResourcesBuildPhase;
			buildActionMask = 2147483647;
			files = (
				A3C5611F273AC79500E9E347 /* Preview Assets.xcassets in Resources */,
				A3C5611C273AC79500E9E347 /* Assets.xcassets in Resources */,
			);
			runOnlyForDeploymentPostprocessing = 0;
		};
/* End PBXResourcesBuildPhase section */

/* Begin PBXSourcesBuildPhase section */
		A3C56110273AC79100E9E347 /* Sources */ = {
			isa = PBXSourcesBuildPhase;
			buildActionMask = 2147483647;
			files = (
				A3C56130273ADF3B00E9E347 /* Weather.swift in Sources */,
				A3C56132273AF15C00E9E347 /* WeatherFetcher.swift in Sources */,
				A3C5612E273ACB5B00E9E347 /* LocationHelper.swift in Sources */,
				A3C5611A273AC79100E9E347 /* ContentView.swift in Sources */,
				A3C56118273AC79100E9E347 /* Dave_WeatherApp.swift in Sources */,
			);
			runOnlyForDeploymentPostprocessing = 0;
		};
/* End PBXSourcesBuildPhase section */

/* Begin XCBuildConfiguration section */
		A3C56120273AC79500E9E347 /* Debug */ = {
			isa = XCBuildConfiguration;
			buildSettings = {
				ALWAYS_SEARCH_USER_PATHS = NO;
				CLANG_ANALYZER_NONNULL = YES;
				CLANG_ANALYZER_NUMBER_OBJECT_CONVERSION = YES_AGGRESSIVE;
				CLANG_CXX_LANGUAGE_STANDARD = "gnu++17";
				CLANG_CXX_LIBRARY = "libc++";
				CLANG_ENABLE_MODULES = YES;
				CLANG_ENABLE_OBJC_ARC = YES;
				CLANG_ENABLE_OBJC_WEAK = YES;
				CLANG_WARN_BLOCK_CAPTURE_AUTORELEASING = YES;
				CLANG_WARN_BOOL_CONVERSION = YES;
				CLANG_WARN_COMMA = YES;
				CLANG_WARN_CONSTANT_CONVERSION = YES;
				CLANG_WARN_DEPRECATED_OBJC_IMPLEMENTATIONS = YES;
				CLANG_WARN_DIRECT_OBJC_ISA_USAGE = YES_ERROR;
				CLANG_WARN_DOCUMENTATION_COMMENTS = YES;
				CLANG_WARN_EMPTY_BODY = YES;
				CLANG_WARN_ENUM_CONVERSION = YES;
				CLANG_WARN_INFINITE_RECURSION = YES;
				CLANG_WARN_INT_CONVERSION = YES;
				CLANG_WARN_NON_LITERAL_NULL_CONVERSION = YES;
				CLANG_WARN_OBJC_IMPLICIT_RETAIN_SELF = YES;
				CLANG_WARN_OBJC_LITERAL_CONVERSION = YES;
				CLANG_WARN_OBJC_ROOT_CLASS = YES_ERROR;
				CLANG_WARN_QUOTED_INCLUDE_IN_FRAMEWORK_HEADER = YES;
				CLANG_WARN_RANGE_LOOP_ANALYSIS = YES;
				CLANG_WARN_STRICT_PROTOTYPES = YES;
				CLANG_WARN_SUSPICIOUS_MOVE = YES;
				CLANG_WARN_UNGUARDED_AVAILABILITY = YES_AGGRESSIVE;
				CLANG_WARN_UNREACHABLE_CODE = YES;
				CLANG_WARN__DUPLICATE_METHOD_MATCH = YES;
				COPY_PHASE_STRIP = NO;
				DEBUG_INFORMATION_FORMAT = dwarf;
				ENABLE_STRICT_OBJC_MSGSEND = YES;
				ENABLE_TESTABILITY = YES;
				GCC_C_LANGUAGE_STANDARD = gnu11;
				GCC_DYNAMIC_NO_PIC = NO;
				GCC_NO_COMMON_BLOCKS = YES;
				GCC_OPTIMIZATION_LEVEL = 0;
				GCC_PREPROCESSOR_DEFINITIONS = (
					"DEBUG=1",
					"$(inherited)",
				);
				GCC_WARN_64_TO_32_BIT_CONVERSION = YES;
				GCC_WARN_ABOUT_RETURN_TYPE = YES_ERROR;
				GCC_WARN_UNDECLARED_SELECTOR = YES;
				GCC_WARN_UNINITIALIZED_AUTOS = YES_AGGRESSIVE;
				GCC_WARN_UNUSED_FUNCTION = YES;
				GCC_WARN_UNUSED_VARIABLE = YES;
				IPHONEOS_DEPLOYMENT_TARGET = 15.0;
				MTL_ENABLE_DEBUG_INFO = INCLUDE_SOURCE;
				MTL_FAST_MATH = YES;
				ONLY_ACTIVE_ARCH = YES;
				SDKROOT = iphoneos;
				SWIFT_ACTIVE_COMPILATION_CONDITIONS = DEBUG;
				SWIFT_OPTIMIZATION_LEVEL = "-Onone";
			};
			name = Debug;
		};
		A3C56121273AC79500E9E347 /* Release */ = {
			isa = XCBuildConfiguration;
			buildSettings = {
				ALWAYS_SEARCH_USER_PATHS = NO;
				CLANG_ANALYZER_NONNULL = YES;
				CLANG_ANALYZER_NUMBER_OBJECT_CONVERSION = YES_AGGRESSIVE;
				CLANG_CXX_LANGUAGE_STANDARD = "gnu++17";
				CLANG_CXX_LIBRARY = "libc++";
				CLANG_ENABLE_MODULES = YES;
				CLANG_ENABLE_OBJC_ARC = YES;
				CLANG_ENABLE_OBJC_WEAK = YES;
				CLANG_WARN_BLOCK_CAPTURE_AUTORELEASING = YES;
				CLANG_WARN_BOOL_CONVERSION = YES;
				CLANG_WARN_COMMA = YES;
				CLANG_WARN_CONSTANT_CONVERSION = YES;
				CLANG_WARN_DEPRECATED_OBJC_IMPLEMENTATIONS = YES;
				CLANG_WARN_DIRECT_OBJC_ISA_USAGE = YES_ERROR;
				CLANG_WARN_DOCUMENTATION_COMMENTS = YES;
				CLANG_WARN_EMPTY_BODY = YES;
				CLANG_WARN_ENUM_CONVERSION = YES;
				CLANG_WARN_INFINITE_RECURSION = YES;
				CLANG_WARN_INT_CONVERSION = YES;
				CLANG_WARN_NON_LITERAL_NULL_CONVERSION = YES;
				CLANG_WARN_OBJC_IMPLICIT_RETAIN_SELF = YES;
				CLANG_WARN_OBJC_LITERAL_CONVERSION = YES;
				CLANG_WARN_OBJC_ROOT_CLASS = YES_ERROR;
				CLANG_WARN_QUOTED_INCLUDE_IN_FRAMEWORK_HEADER = YES;
				CLANG_WARN_RANGE_LOOP_ANALYSIS = YES;
				CLANG_WARN_STRICT_PROTOTYPES = YES;
				CLANG_WARN_SUSPICIOUS_MOVE = YES;
				CLANG_WARN_UNGUARDED_AVAILABILITY = YES_AGGRESSIVE;
				CLANG_WARN_UNREACHABLE_CODE = YES;
				CLANG_WARN__DUPLICATE_METHOD_MATCH = YES;
				COPY_PHASE_STRIP = NO;
				DEBUG_INFORMATION_FORMAT = "dwarf-with-dsym";
				ENABLE_NS_ASSERTIONS = NO;
				ENABLE_STRICT_OBJC_MSGSEND = YES;
				GCC_C_LANGUAGE_STANDARD = gnu11;
				GCC_NO_COMMON_BLOCKS = YES;
				GCC_WARN_64_TO_32_BIT_CONVERSION = YES;
				GCC_WARN_ABOUT_RETURN_TYPE = YES_ERROR;
				GCC_WARN_UNDECLARED_SELECTOR = YES;
				GCC_WARN_UNINITIALIZED_AUTOS = YES_AGGRESSIVE;
				GCC_WARN_UNUSED_FUNCTION = YES;
				GCC_WARN_UNUSED_VARIABLE = YES;
				IPHONEOS_DEPLOYMENT_TARGET = 15.0;
				MTL_ENABLE_DEBUG_INFO = NO;
				MTL_FAST_MATH = YES;
				SDKROOT = iphoneos;
				SWIFT_COMPILATION_MODE = wholemodule;
				SWIFT_OPTIMIZATION_LEVEL = "-O";
				VALIDATE_PRODUCT = YES;
			};
			name = Release;
		};
		A3C56123273AC79500E9E347 /* Debug */ = {
			isa = XCBuildConfiguration;
			buildSettings = {
				ASSETCATALOG_COMPILER_APPICON_NAME = AppIcon;
				ASSETCATALOG_COMPILER_GLOBAL_ACCENT_COLOR_NAME = AccentColor;
				CODE_SIGN_STYLE = Automatic;
				CURRENT_PROJECT_VERSION = 1;
				DEVELOPMENT_ASSET_PATHS = "\"Dave_Weather/Preview Content\"";
				ENABLE_PREVIEWS = YES;
				GENERATE_INFOPLIST_FILE = YES;
				INFOPLIST_FILE = "Dave-Weather-Info.plist";
				INFOPLIST_KEY_NSLocationAlwaysAndWhenInUseUsageDescription = "Dave_Weather app wants to access your location to provide you optimized experience";
				INFOPLIST_KEY_NSLocationWhenInUseUsageDescription = "Dave_Weather app wants to access your location to provide you optimized experience";
				INFOPLIST_KEY_UIApplicationSceneManifest_Generation = YES;
				INFOPLIST_KEY_UIApplicationSupportsIndirectInputEvents = YES;
				INFOPLIST_KEY_UILaunchScreen_Generation = YES;
				INFOPLIST_KEY_UISupportedInterfaceOrientations_iPad = "UIInterfaceOrientationPortrait UIInterfaceOrientationPortraitUpsideDown UIInterfaceOrientationLandscapeLeft UIInterfaceOrientationLandscapeRight";
				INFOPLIST_KEY_UISupportedInterfaceOrientations_iPhone = "UIInterfaceOrientationPortrait UIInterfaceOrientationLandscapeLeft UIInterfaceOrientationLandscapeRight";
				LD_RUNPATH_SEARCH_PATHS = (
					"$(inherited)",
					"@executable_path/Frameworks",
				);
				MARKETING_VERSION = 1.0;
				PRODUCT_BUNDLE_IDENTIFIER = "cuetod.Dave-Weather";
				PRODUCT_NAME = "$(TARGET_NAME)";
				SWIFT_EMIT_LOC_STRINGS = YES;
				SWIFT_VERSION = 5.0;
				TARGETED_DEVICE_FAMILY = "1,2";
			};
			name = Debug;
		};
		A3C56124273AC79500E9E347 /* Release */ = {
			isa = XCBuildConfiguration;
			buildSettings = {
				ASSETCATALOG_COMPILER_APPICON_NAME = AppIcon;
				ASSETCATALOG_COMPILER_GLOBAL_ACCENT_COLOR_NAME = AccentColor;
				CODE_SIGN_STYLE = Automatic;
				CURRENT_PROJECT_VERSION = 1;
				DEVELOPMENT_ASSET_PATHS = "\"Dave_Weather/Preview Content\"";
				ENABLE_PREVIEWS = YES;
				GENERATE_INFOPLIST_FILE = YES;
				INFOPLIST_FILE = "Dave-Weather-Info.plist";
				INFOPLIST_KEY_NSLocationAlwaysAndWhenInUseUsageDescription = "Dave_Weather app wants to access your location to provide you optimized experience";
				INFOPLIST_KEY_NSLocationWhenInUseUsageDescription = "Dave_Weather app wants to access your location to provide you optimized experience";
				INFOPLIST_KEY_UIApplicationSceneManifest_Generation = YES;
				INFOPLIST_KEY_UIApplicationSupportsIndirectInputEvents = YES;
				INFOPLIST_KEY_UILaunchScreen_Generation = YES;
				INFOPLIST_KEY_UISupportedInterfaceOrientations_iPad = "UIInterfaceOrientationPortrait UIInterfaceOrientationPortraitUpsideDown UIInterfaceOrientationLandscapeLeft UIInterfaceOrientationLandscapeRight";
				INFOPLIST_KEY_UISupportedInterfaceOrientations_iPhone = "UIInterfaceOrientationPortrait UIInterfaceOrientationLandscapeLeft UIInterfaceOrientationLandscapeRight";
				LD_RUNPATH_SEARCH_PATHS = (
					"$(inherited)",
					"@executable_path/Frameworks",
				);
				MARKETING_VERSION = 1.0;
				PRODUCT_BUNDLE_IDENTIFIER = "cuetod.Dave-Weather";
				PRODUCT_NAME = "$(TARGET_NAME)";
				SWIFT_EMIT_LOC_STRINGS = YES;
				SWIFT_VERSION = 5.0;
				TARGETED_DEVICE_FAMILY = "1,2";
			};
			name = Release;
		};
/* End XCBuildConfiguration section */

/* Begin XCConfigurationList section */
		A3C5610F273AC79100E9E347 /* Build configuration list for PBXProject "Dave_Weather" */ = {
			isa = XCConfigurationList;
			buildConfigurations = (
				A3C56120273AC79500E9E347 /* Debug */,
				A3C56121273AC79500E9E347 /* Release */,
			);
			defaultConfigurationIsVisible = 0;
			defaultConfigurationName = Release;
		};
		A3C56122273AC79500E9E347 /* Build configuration list for PBXNativeTarget "Dave_Weather" */ = {
			isa = XCConfigurationList;
			buildConfigurations = (
				A3C56123273AC79500E9E347 /* Debug */,
				A3C56124273AC79500E9E347 /* Release */,
			);
			defaultConfigurationIsVisible = 0;
			defaultConfigurationName = Release;
		};
/* End XCConfigurationList section */
	};
	rootObject = A3C5610C273AC79100E9E347 /* Project object */;
}
